
Microsoft Visual Studio Solution File, Format Version 12.00
# Visual Studio 15
VisualStudioVersion = 15.0.27004.2006
MinimumVisualStudioVersion = 10.0.40219.1
Project("{FAE04EC0-301F-11D3-BF4B-00C04F79EFBC}") = "UnitCase", "UnitCase\UnitCase.csproj", "{90A0846C-5CEC-4ECE-B6DF-71DF5939ECA8}"
EndProject
Project("{FAE04EC0-301F-11D3-BF4B-00C04F79EFBC}") = "UnitTestOperation", "UnitTestOperation\UnitTestOperation.csproj", "{F5774B97-070A-483B-8697-CFFBC1833D5A}"
EndProject
Global
	GlobalSection(SolutionConfigurationPlatforms) = preSolution
		Debug|Any CPU = Debug|Any CPU
		Release|Any CPU = Release|Any CPU
	EndGlobalSection
	GlobalSection(ProjectConfigurationPlatforms) = postSolution
		{90A0846C-5CEC-4ECE-B6DF-71DF5939ECA8}.Debug|Any CPU.ActiveCfg = Debug|Any CPU
		{90A0846C-5CEC-4ECE-B6DF-71DF5939ECA8}.Debug|Any CPU.Build.0 = Debug|Any CPU
		{90A0846C-5CEC-4ECE-B6DF-71DF5939ECA8}.Release|Any CPU.ActiveCfg = Release|Any CPU
		{90A0846C-5CEC-4ECE-B6DF-71DF5939ECA8}.Release|Any CPU.Build.0 = Release|Any CPU
		{F5774B97-070A-483B-8697-CFFBC1833D5A}.Debug|Any CPU.ActiveCfg = Debug|Any CPU
		{F5774B97-070A-483B-8697-CFFBC1833D5A}.Debug|Any CPU.Build.0 = Debug|Any CPU
		{F5774B97-070A-483B-8697-CFFBC1833D5A}.Release|Any CPU.ActiveCfg = Release|Any CPU
		{F5774B97-070A-483B-8697-CFFBC1833D5A}.Release|Any CPU.Build.0 = Release|Any CPU
	EndGlobalSection
	GlobalSection(SolutionProperties) = preSolution
		HideSolutionNode = FALSE
	EndGlobalSection
	GlobalSection(ExtensibilityGlobals) = postSolution
		SolutionGuid = {6A9BF8B6-136A-464D-B61F-C83DA2EF023F}
	EndGlobalSection
EndGlobal
